
Microsoft Visual Studio Solution File, Format Version 12.00
# Visual Studio Version 17
VisualStudioVersion = 17.9.34701.34
MinimumVisualStudioVersion = 10.0.40219.1
Project("{9A19103F-16F7-4668-BE54-9A1E7A4F7556}") = "Mandelbrot UI", "WinFormsApp1\Mandelbrot UI.csproj", "{1AF60A01-C276-4462-BEBB-996D13F2E604}"
EndProject
Global
	GlobalSection(SolutionConfigurationPlatforms) = preSolution
		Debug|Any CPU = Debug|Any CPU
		Release|Any CPU = Release|Any CPU
	EndGlobalSection
	GlobalSection(ProjectConfigurationPlatforms) = postSolution
		{1AF60A01-C276-4462-BEBB-996D13F2E604}.Debug|Any CPU.ActiveCfg = Debug|Any CPU
		{1AF60A01-C276-4462-BEBB-996D13F2E604}.Debug|Any CPU.Build.0 = Debug|Any CPU
		{1AF60A01-C276-4462-BEBB-996D13F2E604}.Release|Any CPU.ActiveCfg = Release|Any CPU
		{1AF60A01-C276-4462-BEBB-996D13F2E604}.Release|Any CPU.Build.0 = Release|Any CPU
	EndGlobalSection
	GlobalSection(SolutionProperties) = preSolution
		HideSolutionNode = FALSE
	EndGlobalSection
	GlobalSection(ExtensibilityGlobals) = postSolution
		SolutionGuid = {F7F41B71-46D5-41B9-B36D-9DFFE6C71835}
	EndGlobalSection
EndGlobal
